
Microsoft Visual Studio Solution File, Format Version 12.00
# Visual Studio Version 16
VisualStudioVersion = 16.0.30309.148
MinimumVisualStudioVersion = 10.0.40219.1
Project("{8BC9CEB8-8B4A-11D0-8D11-00A0C91BC942}") = "2.2.2", "2.2.2\2.2.2.vcxproj", "{ADC183A8-A7EB-4AE8-A089-8FDF03210196}"
EndProject
Global
	GlobalSection(SolutionConfigurationPlatforms) = preSolution
		Debug|x64 = Debug|x64
		Debug|x86 = Debug|x86
		Release|x64 = Release|x64
		Release|x86 = Release|x86
	EndGlobalSection
	GlobalSection(ProjectConfigurationPlatforms) = postSolution
		{ADC183A8-A7EB-4AE8-A089-8FDF03210196}.Debug|x64.ActiveCfg = Debug|x64
		{ADC183A8-A7EB-4AE8-A089-8FDF03210196}.Debug|x64.Build.0 = Debug|x64
		{ADC183A8-A7EB-4AE8-A089-8FDF03210196}.Debug|x86.ActiveCfg = Debug|Win32
		{ADC183A8-A7EB-4AE8-A089-8FDF03210196}.Debug|x86.Build.0 = Debug|Win32
		{ADC183A8-A7EB-4AE8-A089-8FDF03210196}.Release|x64.ActiveCfg = Release|x64
		{ADC183A8-A7EB-4AE8-A089-8FDF03210196}.Release|x64.Build.0 = Release|x64
		{ADC183A8-A7EB-4AE8-A089-8FDF03210196}.Release|x86.ActiveCfg = Release|Win32
		{ADC183A8-A7EB-4AE8-A089-8FDF03210196}.Release|x86.Build.0 = Release|Win32
	EndGlobalSection
	GlobalSection(SolutionProperties) = preSolution
		HideSolutionNode = FALSE
	EndGlobalSection
	GlobalSection(ExtensibilityGlobals) = postSolution
		SolutionGuid = {CD007F10-423E-4B5A-BFA7-02542E41E63B}
	EndGlobalSection
EndGlobal
